
Microsoft Visual Studio Solution File, Format Version 12.00
# Visual Studio Version 17
VisualStudioVersion = 17.4.33213.308
MinimumVisualStudioVersion = 10.0.40219.1
Project("{FAE04EC0-301F-11D3-BF4B-00C04F79EFBC}") = "AzureHomeworkProject", "AzureHomeworkProject\AzureHomeworkProject.csproj", "{1AA09A33-495D-490B-89D1-2873DDBE5583}"
EndProject
Global
	GlobalSection(SolutionConfigurationPlatforms) = preSolution
		Debug|Any CPU = Debug|Any CPU
		Release|Any CPU = Release|Any CPU
	EndGlobalSection
	GlobalSection(ProjectConfigurationPlatforms) = postSolution
		{1AA09A33-495D-490B-89D1-2873DDBE5583}.Debug|Any CPU.ActiveCfg = Debug|Any CPU
		{1AA09A33-495D-490B-89D1-2873DDBE5583}.Debug|Any CPU.Build.0 = Debug|Any CPU
		{1AA09A33-495D-490B-89D1-2873DDBE5583}.Release|Any CPU.ActiveCfg = Release|Any CPU
		{1AA09A33-495D-490B-89D1-2873DDBE5583}.Release|Any CPU.Build.0 = Release|Any CPU
	EndGlobalSection
	GlobalSection(SolutionProperties) = preSolution
		HideSolutionNode = FALSE
	EndGlobalSection
	GlobalSection(ExtensibilityGlobals) = postSolution
		SolutionGuid = {3BCC1BAC-25AC-4256-B6C5-05DBC39FC89F}
	EndGlobalSection
EndGlobal
